
Microsoft Visual Studio Solution File, Format Version 12.00
# Visual Studio Version 16
VisualStudioVersion = 16.0.30114.105
MinimumVisualStudioVersion = 10.0.40219.1
Project("{2150E333-8FDC-42A3-9474-1A3956D46DE8}") = "src", "src", "{878F9F33-9ADF-421C-8E6C-3A6443CFE7BB}"
EndProject
Project("{FAE04EC0-301F-11D3-BF4B-00C04F79EFBC}") = "Mustache.MSBuild", "src\Mustache.MSBuild\Mustache.MSBuild.csproj", "{1DCEAF9D-691E-4A80-BF10-BA9863894B52}"
EndProject
Project("{2150E333-8FDC-42A3-9474-1A3956D46DE8}") = "tests", "tests", "{862902AD-5B86-4B11-A597-20735777C19F}"
EndProject
Project("{FAE04EC0-301F-11D3-BF4B-00C04F79EFBC}") = "Mustache.MSBuild.Tests", "tests\Mustache.MSBuild.Tests\Mustache.MSBuild.Tests.csproj", "{B8E72AA7-9BDA-455D-9941-89EA26AC24AD}"
EndProject
Global
	GlobalSection(SolutionConfigurationPlatforms) = preSolution
		Debug|Any CPU = Debug|Any CPU
		Release|Any CPU = Release|Any CPU
	EndGlobalSection
	GlobalSection(SolutionProperties) = preSolution
		HideSolutionNode = FALSE
	EndGlobalSection
	GlobalSection(ProjectConfigurationPlatforms) = postSolution
		{1DCEAF9D-691E-4A80-BF10-BA9863894B52}.Debug|Any CPU.ActiveCfg = Debug|Any CPU
		{1DCEAF9D-691E-4A80-BF10-BA9863894B52}.Debug|Any CPU.Build.0 = Debug|Any CPU
		{1DCEAF9D-691E-4A80-BF10-BA9863894B52}.Release|Any CPU.ActiveCfg = Release|Any CPU
		{1DCEAF9D-691E-4A80-BF10-BA9863894B52}.Release|Any CPU.Build.0 = Release|Any CPU
		{B8E72AA7-9BDA-455D-9941-89EA26AC24AD}.Debug|Any CPU.ActiveCfg = Debug|Any CPU
		{B8E72AA7-9BDA-455D-9941-89EA26AC24AD}.Debug|Any CPU.Build.0 = Debug|Any CPU
		{B8E72AA7-9BDA-455D-9941-89EA26AC24AD}.Release|Any CPU.ActiveCfg = Release|Any CPU
		{B8E72AA7-9BDA-455D-9941-89EA26AC24AD}.Release|Any CPU.Build.0 = Release|Any CPU
	EndGlobalSection
	GlobalSection(NestedProjects) = preSolution
		{1DCEAF9D-691E-4A80-BF10-BA9863894B52} = {878F9F33-9ADF-421C-8E6C-3A6443CFE7BB}
		{B8E72AA7-9BDA-455D-9941-89EA26AC24AD} = {862902AD-5B86-4B11-A597-20735777C19F}
	EndGlobalSection
EndGlobal
